{
  "version": "5",
  "specifiers": {
    "jsr:@negrel/http-ece@0.7.0": "0.7.0",
    "jsr:@negrel/webpush@0.5.0": "0.5.0",
    "jsr:@std/bytes@1": "1.0.6",
    "jsr:@std/encoding@1": "1.0.11",
    "jsr:@supabase/supabase-js@2": "2.117.2"
  },
  "jsr": {
    "@negrel/http-ece@0.7.0": {
      "integrity": "068e61ba6f52da5454051a283cc19621607f8dd6e74d55c01bb365b8c6644076",
      "dependencies": [
        "jsr:@std/bytes",
        "jsr:@std/encoding"
      ]
    },
    "@negrel/webpush@0.5.0": {
      "integrity": "919ed5bf4d676923667c5278093f36ffb2efe7fe2f155b6d32723ea3b73fa693",
      "dependencies": [
        "jsr:@negrel/http-ece",
        "jsr:@std/bytes",
        "jsr:@std/encoding"
      ]
    },
    "@std/bytes@1.0.6": {
      "integrity": "f6ac6adbd8ccd99314045f5703e23af0a68d7f7e58364b47d2c7f408aeb5820a"
    },
    "@std/encoding@1.0.11": {
      "integrity": "e7cef2f0b3153bccc17431e7c864a1de03a4b6d9647389c43e08aaa775d37385"
    },
    "@supabase/supabase-js@2.117.2": {
      "integrity": "25d69a2a93810fc5a396d40bc55b5a948ed0a44c5a7ed8e2da793c09240e77f1"
    }
  },
  "workspace": {
    "packageJson": {
      "dependencies": [
        "npm:@playwright/test@^1.63.0",
        "npm:@supabase/supabase-js@^2.117.2",
        "npm:@types/node@^26.6.4",
        "npm:@types/react-dom@^19.3.0",
        "npm:@types/react@^19.3.0",
        "npm:@vitejs/plugin-react@^6.1.1",
        "npm:deno@^2.9.6",
        "npm:react-dom@^19.3.0",
        "npm:react@^19.3.0",
        "npm:supabase@^2.119.0",
        "npm:typescript@^7.0.2",
        "npm:vite@^8.3.2",
        "npm:vitest@^5.0.3"
      ]
    }
  }
}
